
Microsoft Visual Studio Solution File, Format Version 12.00
# Visual Studio Version 17
VisualStudioVersion = 17.11.35312.102
MinimumVisualStudioVersion = 10.0.40219.1
Project("{9A19103F-16F7-4668-BE54-9A1E7A4F7556}") = "RecordShop-Frontend", "RecordShop-Frontend\RecordShop-Frontend.csproj", "{2A3B4E4A-B96B-4F13-AF84-665AE6573B33}"
EndProject
Project("{9A19103F-16F7-4668-BE54-9A1E7A4F7556}") = "RecordShop-Frontend.Client", "RecordShop-Frontend.Client\RecordShop-Frontend.Client.csproj", "{78317431-0DF0-4048-AE10-D0C9911CCDD1}"
EndProject
Global
	GlobalSection(SolutionConfigurationPlatforms) = preSolution
		Debug|Any CPU = Debug|Any CPU
		Release|Any CPU = Release|Any CPU
	EndGlobalSection
	GlobalSection(ProjectConfigurationPlatforms) = postSolution
		{2A3B4E4A-B96B-4F13-AF84-665AE6573B33}.Debug|Any CPU.ActiveCfg = Debug|Any CPU
		{2A3B4E4A-B96B-4F13-AF84-665AE6573B33}.Debug|Any CPU.Build.0 = Debug|Any CPU
		{2A3B4E4A-B96B-4F13-AF84-665AE6573B33}.Release|Any CPU.ActiveCfg = Release|Any CPU
		{2A3B4E4A-B96B-4F13-AF84-665AE6573B33}.Release|Any CPU.Build.0 = Release|Any CPU
		{78317431-0DF0-4048-AE10-D0C9911CCDD1}.Debug|Any CPU.ActiveCfg = Debug|Any CPU
		{78317431-0DF0-4048-AE10-D0C9911CCDD1}.Debug|Any CPU.Build.0 = Debug|Any CPU
		{78317431-0DF0-4048-AE10-D0C9911CCDD1}.Release|Any CPU.ActiveCfg = Release|Any CPU
		{78317431-0DF0-4048-AE10-D0C9911CCDD1}.Release|Any CPU.Build.0 = Release|Any CPU
	EndGlobalSection
	GlobalSection(SolutionProperties) = preSolution
		HideSolutionNode = FALSE
	EndGlobalSection
	GlobalSection(ExtensibilityGlobals) = postSolution
		SolutionGuid = {D6BF0DE5-A605-41C8-9BC3-8CEFB20169DB}
	EndGlobalSection
EndGlobal
